
Microsoft Visual Studio Solution File, Format Version 12.00
# Visual Studio Version 16
VisualStudioVersion = 16.0.30225.117
MinimumVisualStudioVersion = 10.0.40219.1
Project("{9A19103F-16F7-4668-BE54-9A1E7A4F7556}") = "PrismFromPluralsightApp", "PrismFromPluralsightApp\PrismFromPluralsightApp.csproj", "{3110C10E-A11A-4907-B805-1AF1A0EE0530}"
EndProject
Project("{9A19103F-16F7-4668-BE54-9A1E7A4F7556}") = "ModuleA", "ModuleA\ModuleA.csproj", "{CE50F9C6-0E59-4CAB-B096-DD7AA3586B7F}"
EndProject
Project("{FAE04EC0-301F-11D3-BF4B-00C04F79EFBC}") = "PrismFromPluralsight.Core", "PrismFromPluralsight.Core\PrismFromPluralsight.Core.csproj", "{53EC0599-D64B-4676-B3C1-7EFDE4C86701}"
EndProject
Global
	GlobalSection(SolutionConfigurationPlatforms) = preSolution
		Debug|Any CPU = Debug|Any CPU
		Release|Any CPU = Release|Any CPU
	EndGlobalSection
	GlobalSection(ProjectConfigurationPlatforms) = postSolution
		{3110C10E-A11A-4907-B805-1AF1A0EE0530}.Debug|Any CPU.ActiveCfg = Debug|Any CPU
		{3110C10E-A11A-4907-B805-1AF1A0EE0530}.Debug|Any CPU.Build.0 = Debug|Any CPU
		{3110C10E-A11A-4907-B805-1AF1A0EE0530}.Release|Any CPU.ActiveCfg = Release|Any CPU
		{3110C10E-A11A-4907-B805-1AF1A0EE0530}.Release|Any CPU.Build.0 = Release|Any CPU
		{CE50F9C6-0E59-4CAB-B096-DD7AA3586B7F}.Debug|Any CPU.ActiveCfg = Debug|Any CPU
		{CE50F9C6-0E59-4CAB-B096-DD7AA3586B7F}.Debug|Any CPU.Build.0 = Debug|Any CPU
		{CE50F9C6-0E59-4CAB-B096-DD7AA3586B7F}.Release|Any CPU.ActiveCfg = Release|Any CPU
		{CE50F9C6-0E59-4CAB-B096-DD7AA3586B7F}.Release|Any CPU.Build.0 = Release|Any CPU
		{53EC0599-D64B-4676-B3C1-7EFDE4C86701}.Debug|Any CPU.ActiveCfg = Debug|Any CPU
		{53EC0599-D64B-4676-B3C1-7EFDE4C86701}.Debug|Any CPU.Build.0 = Debug|Any CPU
		{53EC0599-D64B-4676-B3C1-7EFDE4C86701}.Release|Any CPU.ActiveCfg = Release|Any CPU
		{53EC0599-D64B-4676-B3C1-7EFDE4C86701}.Release|Any CPU.Build.0 = Release|Any CPU
	EndGlobalSection
	GlobalSection(SolutionProperties) = preSolution
		HideSolutionNode = FALSE
	EndGlobalSection
	GlobalSection(ExtensibilityGlobals) = postSolution
		SolutionGuid = {BC40CD59-50B9-43AB-959F-1004765DAB3E}
	EndGlobalSection
EndGlobal
