
Microsoft Visual Studio Solution File, Format Version 12.00
# Visual Studio Version 17
VisualStudioVersion = 17.0.31815.197
MinimumVisualStudioVersion = 10.0.40219.1
Project("{FAE04EC0-301F-11D3-BF4B-00C04F79EFBC}") = "Chapter1", "Chapter1\Chapter1.csproj", "{354FC8B7-A5B8-4367-974E-770C43C65FB2}"
EndProject
Project("{FAE04EC0-301F-11D3-BF4B-00C04F79EFBC}") = "Chapter01.Concurrency", "Chapter01.Concurrency\Chapter01.Concurrency.csproj", "{5C5CC6FC-7A81-4EEA-BE66-B90347352E00}"
EndProject
Global
	GlobalSection(SolutionConfigurationPlatforms) = preSolution
		Debug|Any CPU = Debug|Any CPU
		Release|Any CPU = Release|Any CPU
	EndGlobalSection
	GlobalSection(ProjectConfigurationPlatforms) = postSolution
		{354FC8B7-A5B8-4367-974E-770C43C65FB2}.Debug|Any CPU.ActiveCfg = Debug|Any CPU
		{354FC8B7-A5B8-4367-974E-770C43C65FB2}.Debug|Any CPU.Build.0 = Debug|Any CPU
		{354FC8B7-A5B8-4367-974E-770C43C65FB2}.Release|Any CPU.ActiveCfg = Release|Any CPU
		{354FC8B7-A5B8-4367-974E-770C43C65FB2}.Release|Any CPU.Build.0 = Release|Any CPU
		{5C5CC6FC-7A81-4EEA-BE66-B90347352E00}.Debug|Any CPU.ActiveCfg = Debug|Any CPU
		{5C5CC6FC-7A81-4EEA-BE66-B90347352E00}.Debug|Any CPU.Build.0 = Debug|Any CPU
		{5C5CC6FC-7A81-4EEA-BE66-B90347352E00}.Release|Any CPU.ActiveCfg = Release|Any CPU
		{5C5CC6FC-7A81-4EEA-BE66-B90347352E00}.Release|Any CPU.Build.0 = Release|Any CPU
	EndGlobalSection
	GlobalSection(SolutionProperties) = preSolution
		HideSolutionNode = FALSE
	EndGlobalSection
	GlobalSection(ExtensibilityGlobals) = postSolution
		SolutionGuid = {6FCDFF4F-BBCB-416B-817C-A5E9C79904AA}
	EndGlobalSection
EndGlobal
