
Microsoft Visual Studio Solution File, Format Version 12.00
# Visual Studio Version 16
VisualStudioVersion = 16.0.31702.278
MinimumVisualStudioVersion = 10.0.40219.1
Project("{9A19103F-16F7-4668-BE54-9A1E7A4F7556}") = "Chapter1", "Chapter1\Chapter1.csproj", "{E9C16AE3-30D8-435D-9781-AB343D7CC5C6}"
EndProject
Project("{9A19103F-16F7-4668-BE54-9A1E7A4F7556}") = "Chapter23", "Chapter23\Chapter23.csproj", "{F38FA110-8D27-4A4F-B7FC-27100A73FC04}"
EndProject
Project("{FAE04EC0-301F-11D3-BF4B-00C04F79EFBC}") = "Chapter4.Ab1.Classes", "Chapter4.Ab1.Classes\Chapter4.Ab1.Classes.csproj", "{812DE0CC-F6A5-44D1-B3B7-08AF83DCCA44}"
EndProject
Global
	GlobalSection(SolutionConfigurationPlatforms) = preSolution
		Debug|Any CPU = Debug|Any CPU
		Release|Any CPU = Release|Any CPU
	EndGlobalSection
	GlobalSection(ProjectConfigurationPlatforms) = postSolution
		{E9C16AE3-30D8-435D-9781-AB343D7CC5C6}.Debug|Any CPU.ActiveCfg = Debug|Any CPU
		{E9C16AE3-30D8-435D-9781-AB343D7CC5C6}.Debug|Any CPU.Build.0 = Debug|Any CPU
		{E9C16AE3-30D8-435D-9781-AB343D7CC5C6}.Release|Any CPU.ActiveCfg = Release|Any CPU
		{E9C16AE3-30D8-435D-9781-AB343D7CC5C6}.Release|Any CPU.Build.0 = Release|Any CPU
		{F38FA110-8D27-4A4F-B7FC-27100A73FC04}.Debug|Any CPU.ActiveCfg = Debug|Any CPU
		{F38FA110-8D27-4A4F-B7FC-27100A73FC04}.Debug|Any CPU.Build.0 = Debug|Any CPU
		{F38FA110-8D27-4A4F-B7FC-27100A73FC04}.Release|Any CPU.ActiveCfg = Release|Any CPU
		{F38FA110-8D27-4A4F-B7FC-27100A73FC04}.Release|Any CPU.Build.0 = Release|Any CPU
		{812DE0CC-F6A5-44D1-B3B7-08AF83DCCA44}.Debug|Any CPU.ActiveCfg = Debug|Any CPU
		{812DE0CC-F6A5-44D1-B3B7-08AF83DCCA44}.Debug|Any CPU.Build.0 = Debug|Any CPU
		{812DE0CC-F6A5-44D1-B3B7-08AF83DCCA44}.Release|Any CPU.ActiveCfg = Release|Any CPU
		{812DE0CC-F6A5-44D1-B3B7-08AF83DCCA44}.Release|Any CPU.Build.0 = Release|Any CPU
	EndGlobalSection
	GlobalSection(SolutionProperties) = preSolution
		HideSolutionNode = FALSE
	EndGlobalSection
	GlobalSection(ExtensibilityGlobals) = postSolution
		SolutionGuid = {09E5F65F-F733-4022-B9E3-7873A7A8E1C8}
	EndGlobalSection
EndGlobal
